{
  "object": {
    "pins": [
      {
        "package": "NSAttributedStringBuilder",
        "repositoryURL": "https://github.com/ethanhuang13/NSAttributedStringBuilder",
        "state": {
          "branch": "master",
          "revision": "a9896e2f5be463ef484f789f2a1924d661329379",
          "version": null
        }
      }
    ]
  },
  "version": 1
}
